
Microsoft Visual Studio Solution File, Format Version 12.00
# Visual Studio Version 16
VisualStudioVersion = 16.0.33328.57
MinimumVisualStudioVersion = 10.0.40219.1
Project("{FAE04EC0-301F-11D3-BF4B-00C04F79EFBC}") = "WarungNasiLemak", "WarungNasiLemak\WarungNasiLemak.csproj", "{52FD1AF0-CAD1-4B04-AA81-2B15BC3C6D63}"
EndProject
Project("{2150E333-8FDC-42A3-9474-1A3956D46DE8}") = "Solution Items", "Solution Items", "{25D820B4-61BC-4D9F-9122-C575C3CC92BF}"
	ProjectSection(SolutionItems) = preProject
		.editorconfig = .editorconfig
	EndProjectSection
EndProject
Global
	GlobalSection(SolutionConfigurationPlatforms) = preSolution
		Debug|Any CPU = Debug|Any CPU
		Release|Any CPU = Release|Any CPU
	EndGlobalSection
	GlobalSection(ProjectConfigurationPlatforms) = postSolution
		{52FD1AF0-CAD1-4B04-AA81-2B15BC3C6D63}.Debug|Any CPU.ActiveCfg = Debug|Any CPU
		{52FD1AF0-CAD1-4B04-AA81-2B15BC3C6D63}.Debug|Any CPU.Build.0 = Debug|Any CPU
		{52FD1AF0-CAD1-4B04-AA81-2B15BC3C6D63}.Release|Any CPU.ActiveCfg = Release|Any CPU
		{52FD1AF0-CAD1-4B04-AA81-2B15BC3C6D63}.Release|Any CPU.Build.0 = Release|Any CPU
	EndGlobalSection
	GlobalSection(SolutionProperties) = preSolution
		HideSolutionNode = FALSE
	EndGlobalSection
	GlobalSection(ExtensibilityGlobals) = postSolution
		SolutionGuid = {738031D7-171E-4FBC-A5E1-B4C186C24949}
	EndGlobalSection
EndGlobal
